
Microsoft Visual Studio Solution File, Format Version 12.00
# Visual Studio Version 16
VisualStudioVersion = 16.0.31105.61
MinimumVisualStudioVersion = 10.0.40219.1
Project("{FAE04EC0-301F-11D3-BF4B-00C04F79EFBC}") = "Delivery.Mobile.UWP", "Delivery.Mobile\Delivery.Mobile.UWP\Delivery.Mobile.UWP.csproj", "{A2E0DB80-FCC5-4C0A-B4C4-FA472EF59205}"
EndProject
Project("{FAE04EC0-301F-11D3-BF4B-00C04F79EFBC}") = "Delivery.Mobile.Android", "Delivery.Mobile\Delivery.Mobile.Android\Delivery.Mobile.Android.csproj", "{CE6AB556-5038-4BD0-895A-46145D6B8F55}"
EndProject
Project("{FAE04EC0-301F-11D3-BF4B-00C04F79EFBC}") = "Delivery.Mobile.iOS", "Delivery.Mobile\Delivery.Mobile.iOS\Delivery.Mobile.iOS.csproj", "{C3728E97-1883-4DF9-87CC-0C739215F36D}"
EndProject
Project("{9A19103F-16F7-4668-BE54-9A1E7A4F7556}") = "Delivery.Mobile", "Delivery.Mobile\Delivery.Mobile\Delivery.Mobile.csproj", "{023E73D5-80A1-4418-92CD-ED188E22DFC6}"
EndProject
Project("{9A19103F-16F7-4668-BE54-9A1E7A4F7556}") = "Delivery.Models", "Delivery.Models\Delivery.Models.csproj", "{FAA603E4-669A-4A10-8819-23D9E0ED3D48}"
EndProject
Project("{9A19103F-16F7-4668-BE54-9A1E7A4F7556}") = "Delivery.API", "Delivery.API\Delivery.API.csproj", "{6E1B1943-EAF3-48C4-9B57-E41BD50ABEDB}"
EndProject
Project("{2150E333-8FDC-42A3-9474-1A3956D46DE8}") = "Mobile", "Mobile", "{484EA110-BDA9-4160-9C00-527E09B2B51A}"
EndProject
Global
	GlobalSection(SolutionConfigurationPlatforms) = preSolution
		Debug|Any CPU = Debug|Any CPU
		Debug|ARM = Debug|ARM
		Debug|iPhone = Debug|iPhone
		Debug|iPhoneSimulator = Debug|iPhoneSimulator
		Debug|x64 = Debug|x64
		Debug|x86 = Debug|x86
		Release|Any CPU = Release|Any CPU
		Release|ARM = Release|ARM
		Release|iPhone = Release|iPhone
		Release|iPhoneSimulator = Release|iPhoneSimulator
		Release|x64 = Release|x64
		Release|x86 = Release|x86
	EndGlobalSection
	GlobalSection(ProjectConfigurationPlatforms) = postSolution
		{A2E0DB80-FCC5-4C0A-B4C4-FA472EF59205}.Debug|Any CPU.ActiveCfg = Debug|x86
		{A2E0DB80-FCC5-4C0A-B4C4-FA472EF59205}.Debug|Any CPU.Build.0 = Debug|x86
		{A2E0DB80-FCC5-4C0A-B4C4-FA472EF59205}.Debug|Any CPU.Deploy.0 = Debug|x86
		{A2E0DB80-FCC5-4C0A-B4C4-FA472EF59205}.Debug|ARM.ActiveCfg = Debug|ARM
		{A2E0DB80-FCC5-4C0A-B4C4-FA472EF59205}.Debug|ARM.Build.0 = Debug|ARM
		{A2E0DB80-FCC5-4C0A-B4C4-FA472EF59205}.Debug|ARM.Deploy.0 = Debug|ARM
		{A2E0DB80-FCC5-4C0A-B4C4-FA472EF59205}.Debug|iPhone.ActiveCfg = Debug|x86
		{A2E0DB80-FCC5-4C0A-B4C4-FA472EF59205}.Debug|iPhone.Build.0 = Debug|x86
		{A2E0DB80-FCC5-4C0A-B4C4-FA472EF59205}.Debug|iPhone.Deploy.0 = Debug|x86
		{A2E0DB80-FCC5-4C0A-B4C4-FA472EF59205}.Debug|iPhoneSimulator.ActiveCfg = Debug|x86
		{A2E0DB80-FCC5-4C0A-B4C4-FA472EF59205}.Debug|iPhoneSimulator.Build.0 = Debug|x86
		{A2E0DB80-FCC5-4C0A-B4C4-FA472EF59205}.Debug|iPhoneSimulator.Deploy.0 = Debug|x86
		{A2E0DB80-FCC5-4C0A-B4C4-FA472EF59205}.Debug|x64.ActiveCfg = Debug|x64
		{A2E0DB80-FCC5-4C0A-B4C4-FA472EF59205}.Debug|x64.Build.0 = Debug|x64
		{A2E0DB80-FCC5-4C0A-B4C4-FA472EF59205}.Debug|x64.Deploy.0 = Debug|x64
		{A2E0DB80-FCC5-4C0A-B4C4-FA472EF59205}.Debug|x86.ActiveCfg = Debug|x86
		{A2E0DB80-FCC5-4C0A-B4C4-FA472EF59205}.Debug|x86.Build.0 = Debug|x86
		{A2E0DB80-FCC5-4C0A-B4C4-FA472EF59205}.Debug|x86.Deploy.0 = Debug|x86
		{A2E0DB80-FCC5-4C0A-B4C4-FA472EF59205}.Release|Any CPU.ActiveCfg = Release|x86
		{A2E0DB80-FCC5-4C0A-B4C4-FA472EF59205}.Release|Any CPU.Build.0 = Release|x86
		{A2E0DB80-FCC5-4C0A-B4C4-FA472EF59205}.Release|Any CPU.Deploy.0 = Release|x86
		{A2E0DB80-FCC5-4C0A-B4C4-FA472EF59205}.Release|ARM.ActiveCfg = Release|ARM
		{A2E0DB80-FCC5-4C0A-B4C4-FA472EF59205}.Release|ARM.Build.0 = Release|ARM
		{A2E0DB80-FCC5-4C0A-B4C4-FA472EF59205}.Release|ARM.Deploy.0 = Release|ARM
		{A2E0DB80-FCC5-4C0A-B4C4-FA472EF59205}.Release|iPhone.ActiveCfg = Release|x86
		{A2E0DB80-FCC5-4C0A-B4C4-FA472EF59205}.Release|iPhone.Build.0 = Release|x86
		{A2E0DB80-FCC5-4C0A-B4C4-FA472EF59205}.Release|iPhone.Deploy.0 = Release|x86
		{A2E0DB80-FCC5-4C0A-B4C4-FA472EF59205}.Release|iPhoneSimulator.ActiveCfg = Release|x86
		{A2E0DB80-FCC5-4C0A-B4C4-FA472EF59205}.Release|iPhoneSimulator.Build.0 = Release|x86
		{A2E0DB80-FCC5-4C0A-B4C4-FA472EF59205}.Release|iPhoneSimulator.Deploy.0 = Release|x86
		{A2E0DB80-FCC5-4C0A-B4C4-FA472EF59205}.Release|x64.ActiveCfg = Release|x64
		{A2E0DB80-FCC5-4C0A-B4C4-FA472EF59205}.Release|x64.Build.0 = Release|x64
		{A2E0DB80-FCC5-4C0A-B4C4-FA472EF59205}.Release|x64.Deploy.0 = Release|x64
		{A2E0DB80-FCC5-4C0A-B4C4-FA472EF59205}.Release|x86.ActiveCfg = Release|x86
		{A2E0DB80-FCC5-4C0A-B4C4-FA472EF59205}.Release|x86.Build.0 = Release|x86
		{A2E0DB80-FCC5-4C0A-B4C4-FA472EF59205}.Release|x86.Deploy.0 = Release|x86
		{CE6AB556-5038-4BD0-895A-46145D6B8F55}.Debug|Any CPU.ActiveCfg = Debug|Any CPU
		{CE6AB556-5038-4BD0-895A-46145D6B8F55}.Debug|Any CPU.Build.0 = Debug|Any CPU
		{CE6AB556-5038-4BD0-895A-46145D6B8F55}.Debug|Any CPU.Deploy.0 = Debug|Any CPU
		{CE6AB556-5038-4BD0-895A-46145D6B8F55}.Debug|ARM.ActiveCfg = Debug|Any CPU
		{CE6AB556-5038-4BD0-895A-46145D6B8F55}.Debug|ARM.Build.0 = Debug|Any CPU
		{CE6AB556-5038-4BD0-895A-46145D6B8F55}.Debug|ARM.Deploy.0 = Debug|Any CPU
		{CE6AB556-5038-4BD0-895A-46145D6B8F55}.Debug|iPhone.ActiveCfg = Debug|Any CPU
		{CE6AB556-5038-4BD0-895A-46145D6B8F55}.Debug|iPhone.Build.0 = Debug|Any CPU
		{CE6AB556-5038-4BD0-895A-46145D6B8F55}.Debug|iPhone.Deploy.0 = Debug|Any CPU
		{CE6AB556-5038-4BD0-895A-46145D6B8F55}.Debug|iPhoneSimulator.ActiveCfg = Debug|Any CPU
		{CE6AB556-5038-4BD0-895A-46145D6B8F55}.Debug|iPhoneSimulator.Build.0 = Debug|Any CPU
		{CE6AB556-5038-4BD0-895A-46145D6B8F55}.Debug|iPhoneSimulator.Deploy.0 = Debug|Any CPU
		{CE6AB556-5038-4BD0-895A-46145D6B8F55}.Debug|x64.ActiveCfg = Debug|Any CPU
		{CE6AB556-5038-4BD0-895A-46145D6B8F55}.Debug|x64.Build.0 = Debug|Any CPU
		{CE6AB556-5038-4BD0-895A-46145D6B8F55}.Debug|x64.Deploy.0 = Debug|Any CPU
		{CE6AB556-5038-4BD0-895A-46145D6B8F55}.Debug|x86.ActiveCfg = Debug|Any CPU
		{CE6AB556-5038-4BD0-895A-46145D6B8F55}.Debug|x86.Build.0 = Debug|Any CPU
		{CE6AB556-5038-4BD0-895A-46145D6B8F55}.Debug|x86.Deploy.0 = Debug|Any CPU
		{CE6AB556-5038-4BD0-895A-46145D6B8F55}.Release|Any CPU.ActiveCfg = Release|Any CPU
		{CE6AB556-5038-4BD0-895A-46145D6B8F55}.Release|Any CPU.Build.0 = Release|Any CPU
		{CE6AB556-5038-4BD0-895A-46145D6B8F55}.Release|Any CPU.Deploy.0 = Release|Any CPU
		{CE6AB556-5038-4BD0-895A-46145D6B8F55}.Release|ARM.ActiveCfg = Release|Any CPU
		{CE6AB556-5038-4BD0-895A-46145D6B8F55}.Release|ARM.Build.0 = Release|Any CPU
		{CE6AB556-5038-4BD0-895A-46145D6B8F55}.Release|ARM.Deploy.0 = Release|Any CPU
		{CE6AB556-5038-4BD0-895A-46145D6B8F55}.Release|iPhone.ActiveCfg = Release|Any CPU
		{CE6AB556-5038-4BD0-895A-46145D6B8F55}.Release|iPhone.Build.0 = Release|Any CPU
		{CE6AB556-5038-4BD0-895A-46145D6B8F55}.Release|iPhone.Deploy.0 = Release|Any CPU
		{CE6AB556-5038-4BD0-895A-46145D6B8F55}.Release|iPhoneSimulator.ActiveCfg = Release|Any CPU
		{CE6AB556-5038-4BD0-895A-46145D6B8F55}.Release|iPhoneSimulator.Build.0 = Release|Any CPU
		{CE6AB556-5038-4BD0-895A-46145D6B8F55}.Release|iPhoneSimulator.Deploy.0 = Release|Any CPU
		{CE6AB556-5038-4BD0-895A-46145D6B8F55}.Release|x64.ActiveCfg = Release|Any CPU
		{CE6AB556-5038-4BD0-895A-46145D6B8F55}.Release|x64.Build.0 = Release|Any CPU
		{CE6AB556-5038-4BD0-895A-46145D6B8F55}.Release|x64.Deploy.0 = Release|Any CPU
		{CE6AB556-5038-4BD0-895A-46145D6B8F55}.Release|x86.ActiveCfg = Release|Any CPU
		{CE6AB556-5038-4BD0-895A-46145D6B8F55}.Release|x86.Build.0 = Release|Any CPU
		{CE6AB556-5038-4BD0-895A-46145D6B8F55}.Release|x86.Deploy.0 = Release|Any CPU
		{C3728E97-1883-4DF9-87CC-0C739215F36D}.Debug|Any CPU.ActiveCfg = Debug|iPhoneSimulator
		{C3728E97-1883-4DF9-87CC-0C739215F36D}.Debug|Any CPU.Build.0 = Debug|iPhoneSimulator
		{C3728E97-1883-4DF9-87CC-0C739215F36D}.Debug|Any CPU.Deploy.0 = Debug|iPhoneSimulator
		{C3728E97-1883-4DF9-87CC-0C739215F36D}.Debug|ARM.ActiveCfg = Debug|iPhone
		{C3728E97-1883-4DF9-87CC-0C739215F36D}.Debug|ARM.Build.0 = Debug|iPhone
		{C3728E97-1883-4DF9-87CC-0C739215F36D}.Debug|ARM.Deploy.0 = Debug|iPhone
		{C3728E97-1883-4DF9-87CC-0C739215F36D}.Debug|iPhone.ActiveCfg = Debug|iPhone
		{C3728E97-1883-4DF9-87CC-0C739215F36D}.Debug|iPhone.Build.0 = Debug|iPhone
		{C3728E97-1883-4DF9-87CC-0C739215F36D}.Debug|iPhone.Deploy.0 = Debug|iPhone
		{C3728E97-1883-4DF9-87CC-0C739215F36D}.Debug|iPhoneSimulator.ActiveCfg = Debug|iPhoneSimulator
		{C3728E97-1883-4DF9-87CC-0C739215F36D}.Debug|iPhoneSimulator.Build.0 = Debug|iPhoneSimulator
		{C3728E97-1883-4DF9-87CC-0C739215F36D}.Debug|iPhoneSimulator.Deploy.0 = Debug|iPhoneSimulator
		{C3728E97-1883-4DF9-87CC-0C739215F36D}.Debug|x64.ActiveCfg = Debug|iPhoneSimulator
		{C3728E97-1883-4DF9-87CC-0C739215F36D}.Debug|x64.Build.0 = Debug|iPhoneSimulator
		{C3728E97-1883-4DF9-87CC-0C739215F36D}.Debug|x64.Deploy.0 = Debug|iPhoneSimulator
		{C3728E97-1883-4DF9-87CC-0C739215F36D}.Debug|x86.ActiveCfg = Debug|iPhoneSimulator
		{C3728E97-1883-4DF9-87CC-0C739215F36D}.Debug|x86.Build.0 = Debug|iPhoneSimulator
		{C3728E97-1883-4DF9-87CC-0C739215F36D}.Debug|x86.Deploy.0 = Debug|iPhoneSimulator
		{C3728E97-1883-4DF9-87CC-0C739215F36D}.Release|Any CPU.ActiveCfg = Release|iPhoneSimulator
		{C3728E97-1883-4DF9-87CC-0C739215F36D}.Release|Any CPU.Build.0 = Release|iPhoneSimulator
		{C3728E97-1883-4DF9-87CC-0C739215F36D}.Release|Any CPU.Deploy.0 = Release|iPhoneSimulator
		{C3728E97-1883-4DF9-87CC-0C739215F36D}.Release|ARM.ActiveCfg = Release|iPhoneSimulator
		{C3728E97-1883-4DF9-87CC-0C739215F36D}.Release|ARM.Build.0 = Release|iPhoneSimulator
		{C3728E97-1883-4DF9-87CC-0C739215F36D}.Release|ARM.Deploy.0 = Release|iPhoneSimulator
		{C3728E97-1883-4DF9-87CC-0C739215F36D}.Release|iPhone.ActiveCfg = Release|iPhone
		{C3728E97-1883-4DF9-87CC-0C739215F36D}.Release|iPhone.Build.0 = Release|iPhone
		{C3728E97-1883-4DF9-87CC-0C739215F36D}.Release|iPhone.Deploy.0 = Release|iPhone
		{C3728E97-1883-4DF9-87CC-0C739215F36D}.Release|iPhoneSimulator.ActiveCfg = Release|iPhoneSimulator
		{C3728E97-1883-4DF9-87CC-0C739215F36D}.Release|iPhoneSimulator.Build.0 = Release|iPhoneSimulator
		{C3728E97-1883-4DF9-87CC-0C739215F36D}.Release|iPhoneSimulator.Deploy.0 = Release|iPhoneSimulator
		{C3728E97-1883-4DF9-87CC-0C739215F36D}.Release|x64.ActiveCfg = Release|iPhoneSimulator
		{C3728E97-1883-4DF9-87CC-0C739215F36D}.Release|x64.Build.0 = Release|iPhoneSimulator
		{C3728E97-1883-4DF9-87CC-0C739215F36D}.Release|x64.Deploy.0 = Release|iPhoneSimulator
		{C3728E97-1883-4DF9-87CC-0C739215F36D}.Release|x86.ActiveCfg = Release|iPhoneSimulator
		{C3728E97-1883-4DF9-87CC-0C739215F36D}.Release|x86.Build.0 = Release|iPhoneSimulator
		{C3728E97-1883-4DF9-87CC-0C739215F36D}.Release|x86.Deploy.0 = Release|iPhoneSimulator
		{023E73D5-80A1-4418-92CD-ED188E22DFC6}.Debug|Any CPU.ActiveCfg = Debug|Any CPU
		{023E73D5-80A1-4418-92CD-ED188E22DFC6}.Debug|Any CPU.Build.0 = Debug|Any CPU
		{023E73D5-80A1-4418-92CD-ED188E22DFC6}.Debug|Any CPU.Deploy.0 = Debug|Any CPU
		{023E73D5-80A1-4418-92CD-ED188E22DFC6}.Debug|ARM.ActiveCfg = Debug|Any CPU
		{023E73D5-80A1-4418-92CD-ED188E22DFC6}.Debug|ARM.Build.0 = Debug|Any CPU
		{023E73D5-80A1-4418-92CD-ED188E22DFC6}.Debug|ARM.Deploy.0 = Debug|Any CPU
		{023E73D5-80A1-4418-92CD-ED188E22DFC6}.Debug|iPhone.ActiveCfg = Debug|Any CPU
		{023E73D5-80A1-4418-92CD-ED188E22DFC6}.Debug|iPhone.Build.0 = Debug|Any CPU
		{023E73D5-80A1-4418-92CD-ED188E22DFC6}.Debug|iPhone.Deploy.0 = Debug|Any CPU
		{023E73D5-80A1-4418-92CD-ED188E22DFC6}.Debug|iPhoneSimulator.ActiveCfg = Debug|Any CPU
		{023E73D5-80A1-4418-92CD-ED188E22DFC6}.Debug|iPhoneSimulator.Build.0 = Debug|Any CPU
		{023E73D5-80A1-4418-92CD-ED188E22DFC6}.Debug|iPhoneSimulator.Deploy.0 = Debug|Any CPU
		{023E73D5-80A1-4418-92CD-ED188E22DFC6}.Debug|x64.ActiveCfg = Debug|Any CPU
		{023E73D5-80A1-4418-92CD-ED188E22DFC6}.Debug|x64.Build.0 = Debug|Any CPU
		{023E73D5-80A1-4418-92CD-ED188E22DFC6}.Debug|x64.Deploy.0 = Debug|Any CPU
		{023E73D5-80A1-4418-92CD-ED188E22DFC6}.Debug|x86.ActiveCfg = Debug|Any CPU
		{023E73D5-80A1-4418-92CD-ED188E22DFC6}.Debug|x86.Build.0 = Debug|Any CPU
		{023E73D5-80A1-4418-92CD-ED188E22DFC6}.Debug|x86.Deploy.0 = Debug|Any CPU
		{023E73D5-80A1-4418-92CD-ED188E22DFC6}.Release|Any CPU.ActiveCfg = Release|Any CPU
		{023E73D5-80A1-4418-92CD-ED188E22DFC6}.Release|Any CPU.Build.0 = Release|Any CPU
		{023E73D5-80A1-4418-92CD-ED188E22DFC6}.Release|Any CPU.Deploy.0 = Release|Any CPU
		{023E73D5-80A1-4418-92CD-ED188E22DFC6}.Release|ARM.ActiveCfg = Release|Any CPU
		{023E73D5-80A1-4418-92CD-ED188E22DFC6}.Release|ARM.Build.0 = Release|Any CPU
		{023E73D5-80A1-4418-92CD-ED188E22DFC6}.Release|ARM.Deploy.0 = Release|Any CPU
		{023E73D5-80A1-4418-92CD-ED188E22DFC6}.Release|iPhone.ActiveCfg = Release|Any CPU
		{023E73D5-80A1-4418-92CD-ED188E22DFC6}.Release|iPhone.Build.0 = Release|Any CPU
		{023E73D5-80A1-4418-92CD-ED188E22DFC6}.Release|iPhone.Deploy.0 = Release|Any CPU
		{023E73D5-80A1-4418-92CD-ED188E22DFC6}.Release|iPhoneSimulator.ActiveCfg = Release|Any CPU
		{023E73D5-80A1-4418-92CD-ED188E22DFC6}.Release|iPhoneSimulator.Build.0 = Release|Any CPU
		{023E73D5-80A1-4418-92CD-ED188E22DFC6}.Release|iPhoneSimulator.Deploy.0 = Release|Any CPU
		{023E73D5-80A1-4418-92CD-ED188E22DFC6}.Release|x64.ActiveCfg = Release|Any CPU
		{023E73D5-80A1-4418-92CD-ED188E22DFC6}.Release|x64.Build.0 = Release|Any CPU
		{023E73D5-80A1-4418-92CD-ED188E22DFC6}.Release|x64.Deploy.0 = Release|Any CPU
		{023E73D5-80A1-4418-92CD-ED188E22DFC6}.Release|x86.ActiveCfg = Release|Any CPU
		{023E73D5-80A1-4418-92CD-ED188E22DFC6}.Release|x86.Build.0 = Release|Any CPU
		{023E73D5-80A1-4418-92CD-ED188E22DFC6}.Release|x86.Deploy.0 = Release|Any CPU
		{FAA603E4-669A-4A10-8819-23D9E0ED3D48}.Debug|Any CPU.ActiveCfg = Debug|Any CPU
		{FAA603E4-669A-4A10-8819-23D9E0ED3D48}.Debug|Any CPU.Build.0 = Debug|Any CPU
		{FAA603E4-669A-4A10-8819-23D9E0ED3D48}.Debug|ARM.ActiveCfg = Debug|Any CPU
		{FAA603E4-669A-4A10-8819-23D9E0ED3D48}.Debug|ARM.Build.0 = Debug|Any CPU
		{FAA603E4-669A-4A10-8819-23D9E0ED3D48}.Debug|iPhone.ActiveCfg = Debug|Any CPU
		{FAA603E4-669A-4A10-8819-23D9E0ED3D48}.Debug|iPhone.Build.0 = Debug|Any CPU
		{FAA603E4-669A-4A10-8819-23D9E0ED3D48}.Debug|iPhoneSimulator.ActiveCfg = Debug|Any CPU
		{FAA603E4-669A-4A10-8819-23D9E0ED3D48}.Debug|iPhoneSimulator.Build.0 = Debug|Any CPU
		{FAA603E4-669A-4A10-8819-23D9E0ED3D48}.Debug|x64.ActiveCfg = Debug|Any CPU
		{FAA603E4-669A-4A10-8819-23D9E0ED3D48}.Debug|x64.Build.0 = Debug|Any CPU
		{FAA603E4-669A-4A10-8819-23D9E0ED3D48}.Debug|x86.ActiveCfg = Debug|Any CPU
		{FAA603E4-669A-4A10-8819-23D9E0ED3D48}.Debug|x86.Build.0 = Debug|Any CPU
		{FAA603E4-669A-4A10-8819-23D9E0ED3D48}.Release|Any CPU.ActiveCfg = Release|Any CPU
		{FAA603E4-669A-4A10-8819-23D9E0ED3D48}.Release|Any CPU.Build.0 = Release|Any CPU
		{FAA603E4-669A-4A10-8819-23D9E0ED3D48}.Release|ARM.ActiveCfg = Release|Any CPU
		{FAA603E4-669A-4A10-8819-23D9E0ED3D48}.Release|ARM.Build.0 = Release|Any CPU
		{FAA603E4-669A-4A10-8819-23D9E0ED3D48}.Release|iPhone.ActiveCfg = Release|Any CPU
		{FAA603E4-669A-4A10-8819-23D9E0ED3D48}.Release|iPhone.Build.0 = Release|Any CPU
		{FAA603E4-669A-4A10-8819-23D9E0ED3D48}.Release|iPhoneSimulator.ActiveCfg = Release|Any CPU
		{FAA603E4-669A-4A10-8819-23D9E0ED3D48}.Release|iPhoneSimulator.Build.0 = Release|Any CPU
		{FAA603E4-669A-4A10-8819-23D9E0ED3D48}.Release|x64.ActiveCfg = Release|Any CPU
		{FAA603E4-669A-4A10-8819-23D9E0ED3D48}.Release|x64.Build.0 = Release|Any CPU
		{FAA603E4-669A-4A10-8819-23D9E0ED3D48}.Release|x86.ActiveCfg = Release|Any CPU
		{FAA603E4-669A-4A10-8819-23D9E0ED3D48}.Release|x86.Build.0 = Release|Any CPU
		{6E1B1943-EAF3-48C4-9B57-E41BD50ABEDB}.Debug|Any CPU.ActiveCfg = Debug|Any CPU
		{6E1B1943-EAF3-48C4-9B57-E41BD50ABEDB}.Debug|Any CPU.Build.0 = Debug|Any CPU
		{6E1B1943-EAF3-48C4-9B57-E41BD50ABEDB}.Debug|ARM.ActiveCfg = Debug|Any CPU
		{6E1B1943-EAF3-48C4-9B57-E41BD50ABEDB}.Debug|ARM.Build.0 = Debug|Any CPU
		{6E1B1943-EAF3-48C4-9B57-E41BD50ABEDB}.Debug|iPhone.ActiveCfg = Debug|Any CPU
		{6E1B1943-EAF3-48C4-9B57-E41BD50ABEDB}.Debug|iPhone.Build.0 = Debug|Any CPU
		{6E1B1943-EAF3-48C4-9B57-E41BD50ABEDB}.Debug|iPhoneSimulator.ActiveCfg = Debug|Any CPU
		{6E1B1943-EAF3-48C4-9B57-E41BD50ABEDB}.Debug|iPhoneSimulator.Build.0 = Debug|Any CPU
		{6E1B1943-EAF3-48C4-9B57-E41BD50ABEDB}.Debug|x64.ActiveCfg = Debug|Any CPU
		{6E1B1943-EAF3-48C4-9B57-E41BD50ABEDB}.Debug|x64.Build.0 = Debug|Any CPU
		{6E1B1943-EAF3-48C4-9B57-E41BD50ABEDB}.Debug|x86.ActiveCfg = Debug|Any CPU
		{6E1B1943-EAF3-48C4-9B57-E41BD50ABEDB}.Debug|x86.Build.0 = Debug|Any CPU
		{6E1B1943-EAF3-48C4-9B57-E41BD50ABEDB}.Release|Any CPU.ActiveCfg = Release|Any CPU
		{6E1B1943-EAF3-48C4-9B57-E41BD50ABEDB}.Release|Any CPU.Build.0 = Release|Any CPU
		{6E1B1943-EAF3-48C4-9B57-E41BD50ABEDB}.Release|ARM.ActiveCfg = Release|Any CPU
		{6E1B1943-EAF3-48C4-9B57-E41BD50ABEDB}.Release|ARM.Build.0 = Release|Any CPU
		{6E1B1943-EAF3-48C4-9B57-E41BD50ABEDB}.Release|iPhone.ActiveCfg = Release|Any CPU
		{6E1B1943-EAF3-48C4-9B57-E41BD50ABEDB}.Release|iPhone.Build.0 = Release|Any CPU
		{6E1B1943-EAF3-48C4-9B57-E41BD50ABEDB}.Release|iPhoneSimulator.ActiveCfg = Release|Any CPU
		{6E1B1943-EAF3-48C4-9B57-E41BD50ABEDB}.Release|iPhoneSimulator.Build.0 = Release|Any CPU
		{6E1B1943-EAF3-48C4-9B57-E41BD50ABEDB}.Release|x64.ActiveCfg = Release|Any CPU
		{6E1B1943-EAF3-48C4-9B57-E41BD50ABEDB}.Release|x64.Build.0 = Release|Any CPU
		{6E1B1943-EAF3-48C4-9B57-E41BD50ABEDB}.Release|x86.ActiveCfg = Release|Any CPU
		{6E1B1943-EAF3-48C4-9B57-E41BD50ABEDB}.Release|x86.Build.0 = Release|Any CPU
	EndGlobalSection
	GlobalSection(SolutionProperties) = preSolution
		HideSolutionNode = FALSE
	EndGlobalSection
	GlobalSection(NestedProjects) = preSolution
		{A2E0DB80-FCC5-4C0A-B4C4-FA472EF59205} = {484EA110-BDA9-4160-9C00-527E09B2B51A}
		{CE6AB556-5038-4BD0-895A-46145D6B8F55} = {484EA110-BDA9-4160-9C00-527E09B2B51A}
		{C3728E97-1883-4DF9-87CC-0C739215F36D} = {484EA110-BDA9-4160-9C00-527E09B2B51A}
		{023E73D5-80A1-4418-92CD-ED188E22DFC6} = {484EA110-BDA9-4160-9C00-527E09B2B51A}
	EndGlobalSection
	GlobalSection(ExtensibilityGlobals) = postSolution
		SolutionGuid = {EEFD6F56-8FEB-4F48-9B02-056414A4886A}
	EndGlobalSection
EndGlobal
